
Microsoft Visual Studio Solution File, Format Version 12.00
# Visual Studio Version 17
VisualStudioVersion = 17.5.2.0
MinimumVisualStudioVersion = 10.0.40219.1
Project("{2150E333-8FDC-42A3-9474-1A3956D46DE8}") = "src", "src", "{827E0CD3-B72D-47B6-A68D-7590B98EB39B}"
EndProject
Project("{2150E333-8FDC-42A3-9474-1A3956D46DE8}") = "01", "01", "{5A522107-8051-7531-25C8-07142985A069}"
EndProject
Project("{FAE04EC0-301F-11D3-BF4B-00C04F79EFBC}") = "KSociety.SharpCubeProgrammer", "src\01\KSociety.SharpCubeProgrammer\KSociety.SharpCubeProgrammer.csproj", "{79277204-2A13-938F-5BD6-5AB55C1CAC93}"
EndProject
Project("{2150E333-8FDC-42A3-9474-1A3956D46DE8}") = "Samples", "Samples", "{F00E4F91-C1B5-5233-807A-03EF15D55350}"
EndProject
Project("{FAE04EC0-301F-11D3-BF4B-00C04F79EFBC}") = "Programming", "src\01\Samples\Programming\Programming.csproj", "{AEB93F45-D21F-72E3-7124-19A634079E88}"
EndProject
Project("{FAE04EC0-301F-11D3-BF4B-00C04F79EFBC}") = "ProgrammingLegacy", "src\01\Samples\ProgrammingLegacy\ProgrammingLegacy.csproj", "{A3A018CE-AD87-3402-9E92-3FD31EF97636}"
EndProject
Project("{FAE04EC0-301F-11D3-BF4B-00C04F79EFBC}") = "QuickStart", "src\01\Samples\QuickStart\QuickStart.csproj", "{B136610C-935C-3CBF-BCFE-F017D35BF668}"
EndProject
Project("{FAE04EC0-301F-11D3-BF4B-00C04F79EFBC}") = "SharpCubePrgAPI", "src\01\Samples\SharpCubePrgAPI\SharpCubePrgAPI.csproj", "{E455C0A8-7C49-A500-6041-EA5565E8AAD0}"
EndProject
Project("{2150E333-8FDC-42A3-9474-1A3956D46DE8}") = "Tests", "Tests", "{C4824B39-A4F6-89ED-864B-96C49A891261}"
EndProject
Project("{FAE04EC0-301F-11D3-BF4B-00C04F79EFBC}") = "KSociety.SharpCubeProgrammer.Tests", "src\01\Tests\KSociety.SharpCubeProgrammer.Tests\KSociety.SharpCubeProgrammer.Tests.csproj", "{323917A9-4BC8-4565-BF6D-3A28DC2C665C}"
EndProject
Global
	GlobalSection(SolutionConfigurationPlatforms) = preSolution
		Debug|Any CPU = Debug|Any CPU
		Debug|x64 = Debug|x64
		Debug|x86 = Debug|x86
		Release|Any CPU = Release|Any CPU
		Release|x64 = Release|x64
		Release|x86 = Release|x86
	EndGlobalSection
	GlobalSection(ProjectConfigurationPlatforms) = postSolution
		{79277204-2A13-938F-5BD6-5AB55C1CAC93}.Debug|Any CPU.ActiveCfg = Debug|Any CPU
		{79277204-2A13-938F-5BD6-5AB55C1CAC93}.Debug|Any CPU.Build.0 = Debug|Any CPU
		{79277204-2A13-938F-5BD6-5AB55C1CAC93}.Debug|x64.ActiveCfg = Debug|Any CPU
		{79277204-2A13-938F-5BD6-5AB55C1CAC93}.Debug|x64.Build.0 = Debug|Any CPU
		{79277204-2A13-938F-5BD6-5AB55C1CAC93}.Debug|x86.ActiveCfg = Debug|Any CPU
		{79277204-2A13-938F-5BD6-5AB55C1CAC93}.Debug|x86.Build.0 = Debug|Any CPU
		{79277204-2A13-938F-5BD6-5AB55C1CAC93}.Release|Any CPU.ActiveCfg = Release|Any CPU
		{79277204-2A13-938F-5BD6-5AB55C1CAC93}.Release|Any CPU.Build.0 = Release|Any CPU
		{79277204-2A13-938F-5BD6-5AB55C1CAC93}.Release|x64.ActiveCfg = Release|Any CPU
		{79277204-2A13-938F-5BD6-5AB55C1CAC93}.Release|x64.Build.0 = Release|Any CPU
		{79277204-2A13-938F-5BD6-5AB55C1CAC93}.Release|x86.ActiveCfg = Release|Any CPU
		{79277204-2A13-938F-5BD6-5AB55C1CAC93}.Release|x86.Build.0 = Release|Any CPU
		{AEB93F45-D21F-72E3-7124-19A634079E88}.Debug|Any CPU.ActiveCfg = Debug|Any CPU
		{AEB93F45-D21F-72E3-7124-19A634079E88}.Debug|Any CPU.Build.0 = Debug|Any CPU
		{AEB93F45-D21F-72E3-7124-19A634079E88}.Debug|x64.ActiveCfg = Debug|Any CPU
		{AEB93F45-D21F-72E3-7124-19A634079E88}.Debug|x64.Build.0 = Debug|Any CPU
		{AEB93F45-D21F-72E3-7124-19A634079E88}.Debug|x86.ActiveCfg = Debug|Any CPU
		{AEB93F45-D21F-72E3-7124-19A634079E88}.Debug|x86.Build.0 = Debug|Any CPU
		{AEB93F45-D21F-72E3-7124-19A634079E88}.Release|Any CPU.ActiveCfg = Release|Any CPU
		{AEB93F45-D21F-72E3-7124-19A634079E88}.Release|Any CPU.Build.0 = Release|Any CPU
		{AEB93F45-D21F-72E3-7124-19A634079E88}.Release|x64.ActiveCfg = Release|Any CPU
		{AEB93F45-D21F-72E3-7124-19A634079E88}.Release|x64.Build.0 = Release|Any CPU
		{AEB93F45-D21F-72E3-7124-19A634079E88}.Release|x86.ActiveCfg = Release|Any CPU
		{AEB93F45-D21F-72E3-7124-19A634079E88}.Release|x86.Build.0 = Release|Any CPU
		{A3A018CE-AD87-3402-9E92-3FD31EF97636}.Debug|Any CPU.ActiveCfg = Debug|Any CPU
		{A3A018CE-AD87-3402-9E92-3FD31EF97636}.Debug|Any CPU.Build.0 = Debug|Any CPU
		{A3A018CE-AD87-3402-9E92-3FD31EF97636}.Debug|x64.ActiveCfg = Debug|Any CPU
		{A3A018CE-AD87-3402-9E92-3FD31EF97636}.Debug|x64.Build.0 = Debug|Any CPU
		{A3A018CE-AD87-3402-9E92-3FD31EF97636}.Debug|x86.ActiveCfg = Debug|Any CPU
		{A3A018CE-AD87-3402-9E92-3FD31EF97636}.Debug|x86.Build.0 = Debug|Any CPU
		{A3A018CE-AD87-3402-9E92-3FD31EF97636}.Release|Any CPU.ActiveCfg = Release|Any CPU
		{A3A018CE-AD87-3402-9E92-3FD31EF97636}.Release|Any CPU.Build.0 = Release|Any CPU
		{A3A018CE-AD87-3402-9E92-3FD31EF97636}.Release|x64.ActiveCfg = Release|Any CPU
		{A3A018CE-AD87-3402-9E92-3FD31EF97636}.Release|x64.Build.0 = Release|Any CPU
		{A3A018CE-AD87-3402-9E92-3FD31EF97636}.Release|x86.ActiveCfg = Release|Any CPU
		{A3A018CE-AD87-3402-9E92-3FD31EF97636}.Release|x86.Build.0 = Release|Any CPU
		{B136610C-935C-3CBF-BCFE-F017D35BF668}.Debug|Any CPU.ActiveCfg = Debug|Any CPU
		{B136610C-935C-3CBF-BCFE-F017D35BF668}.Debug|Any CPU.Build.0 = Debug|Any CPU
		{B136610C-935C-3CBF-BCFE-F017D35BF668}.Debug|x64.ActiveCfg = Debug|Any CPU
		{B136610C-935C-3CBF-BCFE-F017D35BF668}.Debug|x64.Build.0 = Debug|Any CPU
		{B136610C-935C-3CBF-BCFE-F017D35BF668}.Debug|x86.ActiveCfg = Debug|Any CPU
		{B136610C-935C-3CBF-BCFE-F017D35BF668}.Debug|x86.Build.0 = Debug|Any CPU
		{B136610C-935C-3CBF-BCFE-F017D35BF668}.Release|Any CPU.ActiveCfg = Release|Any CPU
		{B136610C-935C-3CBF-BCFE-F017D35BF668}.Release|Any CPU.Build.0 = Release|Any CPU
		{B136610C-935C-3CBF-BCFE-F017D35BF668}.Release|x64.ActiveCfg = Release|Any CPU
		{B136610C-935C-3CBF-BCFE-F017D35BF668}.Release|x64.Build.0 = Release|Any CPU
		{B136610C-935C-3CBF-BCFE-F017D35BF668}.Release|x86.ActiveCfg = Release|Any CPU
		{B136610C-935C-3CBF-BCFE-F017D35BF668}.Release|x86.Build.0 = Release|Any CPU
		{E455C0A8-7C49-A500-6041-EA5565E8AAD0}.Debug|Any CPU.ActiveCfg = Debug|Any CPU
		{E455C0A8-7C49-A500-6041-EA5565E8AAD0}.Debug|Any CPU.Build.0 = Debug|Any CPU
		{E455C0A8-7C49-A500-6041-EA5565E8AAD0}.Debug|x64.ActiveCfg = Debug|Any CPU
		{E455C0A8-7C49-A500-6041-EA5565E8AAD0}.Debug|x64.Build.0 = Debug|Any CPU
		{E455C0A8-7C49-A500-6041-EA5565E8AAD0}.Debug|x86.ActiveCfg = Debug|Any CPU
		{E455C0A8-7C49-A500-6041-EA5565E8AAD0}.Debug|x86.Build.0 = Debug|Any CPU
		{E455C0A8-7C49-A500-6041-EA5565E8AAD0}.Release|Any CPU.ActiveCfg = Release|Any CPU
		{E455C0A8-7C49-A500-6041-EA5565E8AAD0}.Release|Any CPU.Build.0 = Release|Any CPU
		{E455C0A8-7C49-A500-6041-EA5565E8AAD0}.Release|x64.ActiveCfg = Release|Any CPU
		{E455C0A8-7C49-A500-6041-EA5565E8AAD0}.Release|x64.Build.0 = Release|Any CPU
		{E455C0A8-7C49-A500-6041-EA5565E8AAD0}.Release|x86.ActiveCfg = Release|Any CPU
		{E455C0A8-7C49-A500-6041-EA5565E8AAD0}.Release|x86.Build.0 = Release|Any CPU
		{323917A9-4BC8-4565-BF6D-3A28DC2C665C}.Debug|Any CPU.ActiveCfg = Debug|Any CPU
		{323917A9-4BC8-4565-BF6D-3A28DC2C665C}.Debug|Any CPU.Build.0 = Debug|Any CPU
		{323917A9-4BC8-4565-BF6D-3A28DC2C665C}.Debug|x64.ActiveCfg = Debug|Any CPU
		{323917A9-4BC8-4565-BF6D-3A28DC2C665C}.Debug|x64.Build.0 = Debug|Any CPU
		{323917A9-4BC8-4565-BF6D-3A28DC2C665C}.Debug|x86.ActiveCfg = Debug|Any CPU
		{323917A9-4BC8-4565-BF6D-3A28DC2C665C}.Debug|x86.Build.0 = Debug|Any CPU
		{323917A9-4BC8-4565-BF6D-3A28DC2C665C}.Release|Any CPU.ActiveCfg = Release|Any CPU
		{323917A9-4BC8-4565-BF6D-3A28DC2C665C}.Release|Any CPU.Build.0 = Release|Any CPU
		{323917A9-4BC8-4565-BF6D-3A28DC2C665C}.Release|x64.ActiveCfg = Release|Any CPU
		{323917A9-4BC8-4565-BF6D-3A28DC2C665C}.Release|x64.Build.0 = Release|Any CPU
		{323917A9-4BC8-4565-BF6D-3A28DC2C665C}.Release|x86.ActiveCfg = Release|Any CPU
		{323917A9-4BC8-4565-BF6D-3A28DC2C665C}.Release|x86.Build.0 = Release|Any CPU
	EndGlobalSection
	GlobalSection(SolutionProperties) = preSolution
		HideSolutionNode = FALSE
	EndGlobalSection
	GlobalSection(NestedProjects) = preSolution
		{5A522107-8051-7531-25C8-07142985A069} = {827E0CD3-B72D-47B6-A68D-7590B98EB39B}
		{79277204-2A13-938F-5BD6-5AB55C1CAC93} = {5A522107-8051-7531-25C8-07142985A069}
		{F00E4F91-C1B5-5233-807A-03EF15D55350} = {5A522107-8051-7531-25C8-07142985A069}
		{AEB93F45-D21F-72E3-7124-19A634079E88} = {F00E4F91-C1B5-5233-807A-03EF15D55350}
		{A3A018CE-AD87-3402-9E92-3FD31EF97636} = {F00E4F91-C1B5-5233-807A-03EF15D55350}
		{B136610C-935C-3CBF-BCFE-F017D35BF668} = {F00E4F91-C1B5-5233-807A-03EF15D55350}
		{E455C0A8-7C49-A500-6041-EA5565E8AAD0} = {F00E4F91-C1B5-5233-807A-03EF15D55350}
		{C4824B39-A4F6-89ED-864B-96C49A891261} = {5A522107-8051-7531-25C8-07142985A069}
		{323917A9-4BC8-4565-BF6D-3A28DC2C665C} = {C4824B39-A4F6-89ED-864B-96C49A891261}
	EndGlobalSection
	GlobalSection(ExtensibilityGlobals) = postSolution
		SolutionGuid = {05A80340-7588-4E68-AADD-7EB61314DB9D}
	EndGlobalSection
EndGlobal
